
Microsoft Visual Studio Solution File, Format Version 12.00
# Visual Studio Version 17
VisualStudioVersion = 17.2.32602.215
MinimumVisualStudioVersion = 10.0.40219.1
Project("{8BC9CEB8-8B4A-11D0-8D11-00A0C91BC942}") = "Players", "Players.vcxproj", "{E94DD0B5-7CC2-4EA7-8892-4A53F19C8AFE}"
EndProject
Global
	GlobalSection(SolutionConfigurationPlatforms) = preSolution
		Debug|x64 = Debug|x64
		Debug|x86 = Debug|x86
		Release|x64 = Release|x64
		Release|x86 = Release|x86
	EndGlobalSection
	GlobalSection(ProjectConfigurationPlatforms) = postSolution
		{E94DD0B5-7CC2-4EA7-8892-4A53F19C8AFE}.Debug|x64.ActiveCfg = Debug|x64
		{E94DD0B5-7CC2-4EA7-8892-4A53F19C8AFE}.Debug|x64.Build.0 = Debug|x64
		{E94DD0B5-7CC2-4EA7-8892-4A53F19C8AFE}.Debug|x86.ActiveCfg = Debug|Win32
		{E94DD0B5-7CC2-4EA7-8892-4A53F19C8AFE}.Debug|x86.Build.0 = Debug|Win32
		{E94DD0B5-7CC2-4EA7-8892-4A53F19C8AFE}.Release|x64.ActiveCfg = Release|x64
		{E94DD0B5-7CC2-4EA7-8892-4A53F19C8AFE}.Release|x64.Build.0 = Release|x64
		{E94DD0B5-7CC2-4EA7-8892-4A53F19C8AFE}.Release|x86.ActiveCfg = Release|Win32
		{E94DD0B5-7CC2-4EA7-8892-4A53F19C8AFE}.Release|x86.Build.0 = Release|Win32
	EndGlobalSection
	GlobalSection(SolutionProperties) = preSolution
		HideSolutionNode = FALSE
	EndGlobalSection
	GlobalSection(ExtensibilityGlobals) = postSolution
		SolutionGuid = {6C7115AE-0601-44C7-8D94-B5C4929DBB97}
	EndGlobalSection
EndGlobal
